
Microsoft Visual Studio Solution File, Format Version 12.00
# Visual Studio Version 17
VisualStudioVersion = 17.9.34728.123
MinimumVisualStudioVersion = 10.0.40219.1
Project("{8BC9CEB8-8B4A-11D0-8D11-00A0C91BC942}") = "Hash", "Hash\Hash.vcxproj", "{13793C5E-CBCD-4A57-9A18-7B56950DA504}"
EndProject
Global
	GlobalSection(SolutionConfigurationPlatforms) = preSolution
		Debug|x64 = Debug|x64
		Debug|x86 = Debug|x86
		Release|x64 = Release|x64
		Release|x86 = Release|x86
	EndGlobalSection
	GlobalSection(ProjectConfigurationPlatforms) = postSolution
		{13793C5E-CBCD-4A57-9A18-7B56950DA504}.Debug|x64.ActiveCfg = Debug|x64
		{13793C5E-CBCD-4A57-9A18-7B56950DA504}.Debug|x64.Build.0 = Debug|x64
		{13793C5E-CBCD-4A57-9A18-7B56950DA504}.Debug|x86.ActiveCfg = Debug|Win32
		{13793C5E-CBCD-4A57-9A18-7B56950DA504}.Debug|x86.Build.0 = Debug|Win32
		{13793C5E-CBCD-4A57-9A18-7B56950DA504}.Release|x64.ActiveCfg = Release|x64
		{13793C5E-CBCD-4A57-9A18-7B56950DA504}.Release|x64.Build.0 = Release|x64
		{13793C5E-CBCD-4A57-9A18-7B56950DA504}.Release|x86.ActiveCfg = Release|Win32
		{13793C5E-CBCD-4A57-9A18-7B56950DA504}.Release|x86.Build.0 = Release|Win32
	EndGlobalSection
	GlobalSection(SolutionProperties) = preSolution
		HideSolutionNode = FALSE
	EndGlobalSection
	GlobalSection(ExtensibilityGlobals) = postSolution
		SolutionGuid = {AD1AF6A9-91BA-4C17-8B59-A42115EC7499}
	EndGlobalSection
EndGlobal
